
Microsoft Visual Studio Solution File, Format Version 12.00
# Visual Studio 15
Project("{FAE04EC0-301F-11D3-BF4B-00C04F79EFBC}") = "Assembly-CSharp", "Assembly-CSharp.csproj", "{22ADBECE-AF0A-B5F0-77FB-10F53DCFF35D}"
EndProject
Project("{FAE04EC0-301F-11D3-BF4B-00C04F79EFBC}") = "Assembly-CSharp-Editor", "Assembly-CSharp-Editor.csproj", "{50D24343-DDA1-8851-18C0-442325861D05}"
EndProject
Global
	GlobalSection(SolutionConfigurationPlatforms) = preSolution
		Debug|Any CPU = Debug|Any CPU
		Release|Any CPU = Release|Any CPU
	EndGlobalSection
	GlobalSection(ProjectConfigurationPlatforms) = postSolution
		{22ADBECE-AF0A-B5F0-77FB-10F53DCFF35D}.Debug|Any CPU.ActiveCfg = Debug|Any CPU
		{22ADBECE-AF0A-B5F0-77FB-10F53DCFF35D}.Debug|Any CPU.Build.0 = Debug|Any CPU
		{22ADBECE-AF0A-B5F0-77FB-10F53DCFF35D}.Release|Any CPU.ActiveCfg = Release|Any CPU
		{22ADBECE-AF0A-B5F0-77FB-10F53DCFF35D}.Release|Any CPU.Build.0 = Release|Any CPU
		{50D24343-DDA1-8851-18C0-442325861D05}.Debug|Any CPU.ActiveCfg = Debug|Any CPU
		{50D24343-DDA1-8851-18C0-442325861D05}.Debug|Any CPU.Build.0 = Debug|Any CPU
		{50D24343-DDA1-8851-18C0-442325861D05}.Release|Any CPU.ActiveCfg = Release|Any CPU
		{50D24343-DDA1-8851-18C0-442325861D05}.Release|Any CPU.Build.0 = Release|Any CPU
	EndGlobalSection
	GlobalSection(SolutionProperties) = preSolution
		HideSolutionNode = FALSE
	EndGlobalSection
EndGlobal
